
Microsoft Visual Studio Solution File, Format Version 12.00
# Visual Studio Version 17
VisualStudioVersion = 17.1.32328.378
MinimumVisualStudioVersion = 10.0.40219.1
Project("{FAE04EC0-301F-11D3-BF4B-00C04F79EFBC}") = "BookEmporiumWeb", "BookEmporiumWeb\BookEmporiumWeb.csproj", "{5268A647-CE21-43FE-BB19-BFE9E914C7B5}"
EndProject
Global
	GlobalSection(SolutionConfigurationPlatforms) = preSolution
		Debug|Any CPU = Debug|Any CPU
		Release|Any CPU = Release|Any CPU
	EndGlobalSection
	GlobalSection(ProjectConfigurationPlatforms) = postSolution
		{5268A647-CE21-43FE-BB19-BFE9E914C7B5}.Debug|Any CPU.ActiveCfg = Debug|Any CPU
		{5268A647-CE21-43FE-BB19-BFE9E914C7B5}.Debug|Any CPU.Build.0 = Debug|Any CPU
		{5268A647-CE21-43FE-BB19-BFE9E914C7B5}.Release|Any CPU.ActiveCfg = Release|Any CPU
		{5268A647-CE21-43FE-BB19-BFE9E914C7B5}.Release|Any CPU.Build.0 = Release|Any CPU
	EndGlobalSection
	GlobalSection(SolutionProperties) = preSolution
		HideSolutionNode = FALSE
	EndGlobalSection
	GlobalSection(ExtensibilityGlobals) = postSolution
		SolutionGuid = {60168E77-CB7B-4F06-A9EF-7FBBCEF104CA}
	EndGlobalSection
EndGlobal
